<?xml version="1.0" encoding="utf-8"?>
<Project ToolsVersion="4.0" xmlns="http://schemas.microsoft.com/developer/msbuild/2003">
  <ItemGroup>
    <Filter Include="Source Files">
      <UniqueIdentifier>{4FC737F1-C7A5-4376-A066-2A32D752A2FF}</UniqueIdentifier>
      <Extensions>cpp;c;cc;cxx;def;odl;idl;hpj;bat;asm;asmx</Extensions>
    </Filter>
    <Filter Include="Header Files">
      <UniqueIdentifier>{93995380-89BD-4b04-88EB-625FBE52EBFB}</UniqueIdentifier>
      <Extensions>h;hh;hpp;hxx;hm;inl;inc;xsd</Extensions>
    </Filter>
    <Filter Include="Resource Files">
      <UniqueIdentifier>{67DA6AB6-F800-4c08-8B7A-83BB121AAD01}</UniqueIdentifier>
      <Extensions>rc;ico;cur;bmp;dlg;rc2;rct;bin;rgs;gif;jpg;jpeg;jpe;resx;tiff;tif;png;wav;mfcribbon-ms</Extensions>
    </Filter>
    <Filter Include="Generated Files">
      <UniqueIdentifier>{9f327796-72f2-4a6b-ac11-6203d56dd231}</UniqueIdentifier>
      <SourceControlFiles>False</SourceControlFiles>
    </Filter>
    <Filter Include="CUserInfo">
      <UniqueIdentifier>{3cbc7f1e-552d-4533-81b5-198aac42b268}</UniqueIdentifier>
    </Filter>
  </ItemGroup>
  <ItemGroup>
    <ClCompile Include="stdafx.cpp">
      <Filter>Source Files</Filter>
    </ClCompile>
    <ClCompile Include="CWinNetManager.cpp">
      <Filter>Source Files</Filter>
    </ClCompile>
    <ClCompile Include="dllmain.cpp">
      <Filter>Source Files</Filter>
    </ClCompile>
    <ClCompile Include="xdlldata.c">
      <Filter>Source Files</Filter>
    </ClCompile>
    <ClCompile Include="CWinNetManager_i.c">
      <Filter>Generated Files</Filter>
    </ClCompile>
    <ClCompile Include="CNetUser.cpp">
      <Filter>Source Files</Filter>
    </ClCompile>
    <ClCompile Include="CUserInfo0.cpp">
      <Filter>CUserInfo</Filter>
    </ClCompile>
    <ClCompile Include="CUserInfo1.cpp">
      <Filter>CUserInfo</Filter>
    </ClCompile>
    <ClCompile Include="CUserInfo2.cpp">
      <Filter>CUserInfo</Filter>
    </ClCompile>
    <ClCompile Include="CUserInfo3.cpp">
      <Filter>CUserInfo</Filter>
    </ClCompile>
    <ClCompile Include="CUserInfo4.cpp">
      <Filter>CUserInfo</Filter>
    </ClCompile>
    <ClCompile Include="CUserInfo10.cpp">
      <Filter>CUserInfo</Filter>
    </ClCompile>
    <ClCompile Include="CUserInfo11.cpp">
      <Filter>CUserInfo</Filter>
    </ClCompile>
    <ClCompile Include="CUserInfo20.cpp">
      <Filter>CUserInfo</Filter>
    </ClCompile>
    <ClCompile Include="CUserInfo21.cpp">
      <Filter>CUserInfo</Filter>
    </ClCompile>
    <ClCompile Include="CUserInfo22.cpp">
      <Filter>CUserInfo</Filter>
    </ClCompile>
    <ClCompile Include="CUserInfo23.cpp">
      <Filter>CUserInfo</Filter>
    </ClCompile>
    <ClCompile Include="CuserInfo24.cpp">
      <Filter>CUserInfo</Filter>
    </ClCompile>
    <ClCompile Include="CUserInfo1003.cpp">
      <Filter>CUserInfo</Filter>
    </ClCompile>
    <ClCompile Include="CUserInfo1005.cpp">
      <Filter>CUserInfo</Filter>
    </ClCompile>
    <ClCompile Include="CUserInfo1006.cpp">
      <Filter>CUserInfo</Filter>
    </ClCompile>
    <ClCompile Include="CUserInfo1007.cpp">
      <Filter>CUserInfo</Filter>
    </ClCompile>
    <ClCompile Include="CUserInfo1008.cpp">
      <Filter>CUserInfo</Filter>
    </ClCompile>
    <ClCompile Include="CUserInfo1009.cpp">
      <Filter>CUserInfo</Filter>
    </ClCompile>
    <ClCompile Include="CUserInfo1010.cpp">
      <Filter>CUserInfo</Filter>
    </ClCompile>
    <ClCompile Include="CUserInfo1011.cpp">
      <Filter>CUserInfo</Filter>
    </ClCompile>
    <ClCompile Include="CUserInfo1012.cpp">
      <Filter>CUserInfo</Filter>
    </ClCompile>
    <ClCompile Include="CUserInfo1013.cpp">
      <Filter>CUserInfo</Filter>
    </ClCompile>
    <ClCompile Include="CUserInfo1014.cpp">
      <Filter>CUserInfo</Filter>
    </ClCompile>
    <ClCompile Include="CUserInfo1017.cpp">
      <Filter>CUserInfo</Filter>
    </ClCompile>
    <ClCompile Include="CUserInfo1018.cpp">
      <Filter>CUserInfo</Filter>
    </ClCompile>
    <ClCompile Include="CUserInfo1020.cpp">
      <Filter>CUserInfo</Filter>
    </ClCompile>
    <ClCompile Include="CUserInfo1023.cpp">
      <Filter>CUserInfo</Filter>
    </ClCompile>
    <ClCompile Include="CUserInfo1024.cpp">
      <Filter>CUserInfo</Filter>
    </ClCompile>
    <ClCompile Include="CUserInfo1025.cpp">
      <Filter>CUserInfo</Filter>
    </ClCompile>
    <ClCompile Include="CUserInfo1051.cpp">
      <Filter>CUserInfo</Filter>
    </ClCompile>
    <ClCompile Include="CUserInfo1052.cpp">
      <Filter>CUserInfo</Filter>
    </ClCompile>
    <ClCompile Include="CUserInfo1053.cpp">
      <Filter>CUserInfo</Filter>
    </ClCompile>
    <ClCompile Include="CLogonHour.cpp">
      <Filter>Source Files</Filter>
    </ClCompile>
    <ClCompile Include="CLogonHours.cpp">
      <Filter>Source Files</Filter>
    </ClCompile>
  </ItemGroup>
  <ItemGroup>
    <ClInclude Include="stdafx.h">
      <Filter>Header Files</Filter>
    </ClInclude>
    <ClInclude Include="targetver.h">
      <Filter>Header Files</Filter>
    </ClInclude>
    <ClInclude Include="Resource.h">
      <Filter>Header Files</Filter>
    </ClInclude>
    <ClInclude Include="dllmain.h">
      <Filter>Header Files</Filter>
    </ClInclude>
    <ClInclude Include="xdlldata.h">
      <Filter>Header Files</Filter>
    </ClInclude>
    <ClInclude Include="CWinNetManager.h">
      <Filter>Generated Files</Filter>
    </ClInclude>
    <ClInclude Include="CNetUser.h">
      <Filter>Header Files</Filter>
    </ClInclude>
    <ClInclude Include="CUserInfo1053.h">
      <Filter>CUserInfo</Filter>
    </ClInclude>
    <ClInclude Include="CUserInfo1052.h">
      <Filter>CUserInfo</Filter>
    </ClInclude>
    <ClInclude Include="CUserInfo1051.h">
      <Filter>CUserInfo</Filter>
    </ClInclude>
    <ClInclude Include="CUserInfo1025.h">
      <Filter>CUserInfo</Filter>
    </ClInclude>
    <ClInclude Include="CUserInfo1024.h">
      <Filter>CUserInfo</Filter>
    </ClInclude>
    <ClInclude Include="CUserInfo1023.h">
      <Filter>CUserInfo</Filter>
    </ClInclude>
    <ClInclude Include="CUserInfo1020.h">
      <Filter>CUserInfo</Filter>
    </ClInclude>
    <ClInclude Include="CUserInfo1018.h">
      <Filter>CUserInfo</Filter>
    </ClInclude>
    <ClInclude Include="CUserInfo1017.h">
      <Filter>CUserInfo</Filter>
    </ClInclude>
    <ClInclude Include="CUserInfo1014.h">
      <Filter>CUserInfo</Filter>
    </ClInclude>
    <ClInclude Include="CUserInfo1013.h">
      <Filter>CUserInfo</Filter>
    </ClInclude>
    <ClInclude Include="CUserInfo1012.h">
      <Filter>CUserInfo</Filter>
    </ClInclude>
    <ClInclude Include="CUserInfo1011.h">
      <Filter>CUserInfo</Filter>
    </ClInclude>
    <ClInclude Include="CUserInfo1010.h">
      <Filter>CUserInfo</Filter>
    </ClInclude>
    <ClInclude Include="CUserInfo1009.h">
      <Filter>CUserInfo</Filter>
    </ClInclude>
    <ClInclude Include="CUserInfo1008.h">
      <Filter>CUserInfo</Filter>
    </ClInclude>
    <ClInclude Include="CUserInfo1007.h">
      <Filter>CUserInfo</Filter>
    </ClInclude>
    <ClInclude Include="CUserInfo1006.h">
      <Filter>CUserInfo</Filter>
    </ClInclude>
    <ClInclude Include="CUserInfo1005.h">
      <Filter>CUserInfo</Filter>
    </ClInclude>
    <ClInclude Include="CUserInfo1003.h">
      <Filter>CUserInfo</Filter>
    </ClInclude>
    <ClInclude Include="CuserInfo24.h">
      <Filter>CUserInfo</Filter>
    </ClInclude>
    <ClInclude Include="CUserInfo23.h">
      <Filter>CUserInfo</Filter>
    </ClInclude>
    <ClInclude Include="CUserInfo22.h">
      <Filter>CUserInfo</Filter>
    </ClInclude>
    <ClInclude Include="CUserInfo21.h">
      <Filter>CUserInfo</Filter>
    </ClInclude>
    <ClInclude Include="CUserInfo20.h">
      <Filter>CUserInfo</Filter>
    </ClInclude>
    <ClInclude Include="CUserInfo11.h">
      <Filter>CUserInfo</Filter>
    </ClInclude>
    <ClInclude Include="CUserInfo10.h">
      <Filter>CUserInfo</Filter>
    </ClInclude>
    <ClInclude Include="CUserInfo4.h">
      <Filter>CUserInfo</Filter>
    </ClInclude>
    <ClInclude Include="CUserInfo3.h">
      <Filter>CUserInfo</Filter>
    </ClInclude>
    <ClInclude Include="CUserInfo2.h">
      <Filter>CUserInfo</Filter>
    </ClInclude>
    <ClInclude Include="CUserInfo1.h">
      <Filter>CUserInfo</Filter>
    </ClInclude>
    <ClInclude Include="CUserInfo0.h">
      <Filter>CUserInfo</Filter>
    </ClInclude>
    <ClInclude Include="CUserInfoUtils.h">
      <Filter>CUserInfo</Filter>
    </ClInclude>
    <ClInclude Include="CLogonHour.h">
      <Filter>Header Files</Filter>
    </ClInclude>
    <ClInclude Include="CLogonHours.h">
      <Filter>Header Files</Filter>
    </ClInclude>
  </ItemGroup>
  <ItemGroup>
    <ResourceCompile Include="CWinNetManager.rc">
      <Filter>Resource Files</Filter>
    </ResourceCompile>
  </ItemGroup>
  <ItemGroup>
    <Text Include="ReadMe.txt" />
  </ItemGroup>
  <ItemGroup>
    <None Include="CWinNetManager.rgs">
      <Filter>Resource Files</Filter>
    </None>
    <None Include="CWinNetManager.def">
      <Filter>Source Files</Filter>
    </None>
    <None Include="CNetUser.rgs">
      <Filter>Resource Files</Filter>
    </None>
    <None Include="CUserInfo1.rgs">
      <Filter>Resource Files</Filter>
    </None>
    <None Include="CUserInfo2.rgs">
      <Filter>Resource Files</Filter>
    </None>
    <None Include="CUserInfo3.rgs">
      <Filter>Resource Files</Filter>
    </None>
    <None Include="CUserInfo4.rgs">
      <Filter>Resource Files</Filter>
    </None>
    <None Include="CUserInfo0.rgs">
      <Filter>Resource Files</Filter>
    </None>
    <None Include="CUserInfo10.rgs">
      <Filter>Resource Files</Filter>
    </None>
    <None Include="CUserInfo11.rgs">
      <Filter>Resource Files</Filter>
    </None>
    <None Include="CUserInfo20.rgs">
      <Filter>Resource Files</Filter>
    </None>
    <None Include="CUserInfo23.rgs">
      <Filter>Resource Files</Filter>
    </None>
    <None Include="CuserInfo24.rgs">
      <Filter>Resource Files</Filter>
    </None>
    <None Include="CUserInfo21.rgs">
      <Filter>Resource Files</Filter>
    </None>
    <None Include="CUserInfo22.rgs">
      <Filter>Resource Files</Filter>
    </None>
    <None Include="CUserInfo1003.rgs">
      <Filter>Resource Files</Filter>
    </None>
    <None Include="CUserInfo1005.rgs">
      <Filter>Resource Files</Filter>
    </None>
    <None Include="CUserInfo1006.rgs">
      <Filter>Resource Files</Filter>
    </None>
    <None Include="CUserInfo1007.rgs">
      <Filter>Resource Files</Filter>
    </None>
    <None Include="CUserInfo1008.rgs">
      <Filter>Resource Files</Filter>
    </None>
    <None Include="CUserInfo1009.rgs">
      <Filter>Resource Files</Filter>
    </None>
    <None Include="CUserInfo1010.rgs">
      <Filter>Resource Files</Filter>
    </None>
    <None Include="CUserInfo1011.rgs">
      <Filter>Resource Files</Filter>
    </None>
    <None Include="CUserInfo1012.rgs">
      <Filter>Resource Files</Filter>
    </None>
    <None Include="CUserInfo1013.rgs">
      <Filter>Resource Files</Filter>
    </None>
    <None Include="CUserInfo1014.rgs">
      <Filter>Resource Files</Filter>
    </None>
    <None Include="CUserInfo1017.rgs">
      <Filter>Resource Files</Filter>
    </None>
    <None Include="CUserInfo1018.rgs">
      <Filter>Resource Files</Filter>
    </None>
    <None Include="CUserInfo1020.rgs">
      <Filter>Resource Files</Filter>
    </None>
    <None Include="CUserInfo1023.rgs">
      <Filter>Resource Files</Filter>
    </None>
    <None Include="CUserInfo1025.rgs">
      <Filter>Resource Files</Filter>
    </None>
    <None Include="CUserInfo1024.rgs">
      <Filter>Resource Files</Filter>
    </None>
    <None Include="CUserInfo1051.rgs">
      <Filter>Resource Files</Filter>
    </None>
    <None Include="CUserInfo1052.rgs">
      <Filter>Resource Files</Filter>
    </None>
    <None Include="CUserInfo1053.rgs">
      <Filter>Resource Files</Filter>
    </None>
    <None Include="CLogonHour.rgs">
      <Filter>Resource Files</Filter>
    </None>
    <None Include="CLogonHours.rgs">
      <Filter>Resource Files</Filter>
    </None>
  </ItemGroup>
  <ItemGroup>
    <Midl Include="CWinNetManager.idl">
      <Filter>Source Files</Filter>
    </Midl>
  </ItemGroup>
</Project>